
Microsoft Visual Studio Solution File, Format Version 12.00
# Visual Studio Version 17
VisualStudioVersion = 17.14.35906.104 d17.14
MinimumVisualStudioVersion = 10.0.40219.1
Project("{FAE04EC0-301F-11D3-BF4B-00C04F79EFBC}") = "Core", "Core\Core.csproj", "{F431B3A7-E301-45FB-86A1-3D6FE25700D2}"
EndProject
Project("{FAE04EC0-301F-11D3-BF4B-00C04F79EFBC}") = "Core.Tests", "Core.Tests\Core.Tests.csproj", "{A31514EE-6E98-4214-9BF2-CA56DEC545C9}"
EndProject
Global
	GlobalSection(SolutionConfigurationPlatforms) = preSolution
		Debug|Any CPU = Debug|Any CPU
		Release|Any CPU = Release|Any CPU
	EndGlobalSection
	GlobalSection(ProjectConfigurationPlatforms) = postSolution
		{F431B3A7-E301-45FB-86A1-3D6FE25700D2}.Debug|Any CPU.ActiveCfg = Debug|Any CPU
		{F431B3A7-E301-45FB-86A1-3D6FE25700D2}.Debug|Any CPU.Build.0 = Debug|Any CPU
		{F431B3A7-E301-45FB-86A1-3D6FE25700D2}.Release|Any CPU.ActiveCfg = Release|Any CPU
		{F431B3A7-E301-45FB-86A1-3D6FE25700D2}.Release|Any CPU.Build.0 = Release|Any CPU
		{A31514EE-6E98-4214-9BF2-CA56DEC545C9}.Debug|Any CPU.ActiveCfg = Debug|Any CPU
		{A31514EE-6E98-4214-9BF2-CA56DEC545C9}.Debug|Any CPU.Build.0 = Debug|Any CPU
		{A31514EE-6E98-4214-9BF2-CA56DEC545C9}.Release|Any CPU.ActiveCfg = Release|Any CPU
		{A31514EE-6E98-4214-9BF2-CA56DEC545C9}.Release|Any CPU.Build.0 = Release|Any CPU
	EndGlobalSection
	GlobalSection(SolutionProperties) = preSolution
		HideSolutionNode = FALSE
	EndGlobalSection
	GlobalSection(ExtensibilityGlobals) = postSolution
		SolutionGuid = {DB85F722-D338-4495-965C-47285D687257}
	EndGlobalSection
EndGlobal
