
Microsoft Visual Studio Solution File, Format Version 12.00
# Visual Studio Version 17
VisualStudioVersion = 17.8.34330.188
MinimumVisualStudioVersion = 10.0.40219.1
Project("{FAE04EC0-301F-11D3-BF4B-00C04F79EFBC}") = "Core", "Core\Core.csproj", "{5963126A-F4BC-4A49-91F3-55B6F1CD0EC6}"
EndProject
Project("{FAE04EC0-301F-11D3-BF4B-00C04F79EFBC}") = "CLI", "CLI\CLI.csproj", "{1907A89C-CCEA-4D4F-9701-F74EA7ED70AE}"
EndProject
Global
	GlobalSection(SolutionConfigurationPlatforms) = preSolution
		Debug|Any CPU = Debug|Any CPU
		Release|Any CPU = Release|Any CPU
	EndGlobalSection
	GlobalSection(ProjectConfigurationPlatforms) = postSolution
		{5963126A-F4BC-4A49-91F3-55B6F1CD0EC6}.Debug|Any CPU.ActiveCfg = Debug|Any CPU
		{5963126A-F4BC-4A49-91F3-55B6F1CD0EC6}.Debug|Any CPU.Build.0 = Debug|Any CPU
		{5963126A-F4BC-4A49-91F3-55B6F1CD0EC6}.Release|Any CPU.ActiveCfg = Release|Any CPU
		{5963126A-F4BC-4A49-91F3-55B6F1CD0EC6}.Release|Any CPU.Build.0 = Release|Any CPU
		{1907A89C-CCEA-4D4F-9701-F74EA7ED70AE}.Debug|Any CPU.ActiveCfg = Debug|Any CPU
		{1907A89C-CCEA-4D4F-9701-F74EA7ED70AE}.Debug|Any CPU.Build.0 = Debug|Any CPU
		{1907A89C-CCEA-4D4F-9701-F74EA7ED70AE}.Release|Any CPU.ActiveCfg = Release|Any CPU
		{1907A89C-CCEA-4D4F-9701-F74EA7ED70AE}.Release|Any CPU.Build.0 = Release|Any CPU
	EndGlobalSection
	GlobalSection(SolutionProperties) = preSolution
		HideSolutionNode = FALSE
	EndGlobalSection
	GlobalSection(ExtensibilityGlobals) = postSolution
		SolutionGuid = {0D14158A-82B6-4999-8B09-AADC4DED8DA5}
	EndGlobalSection
EndGlobal
